
Microsoft Visual Studio Solution File, Format Version 12.00
# Visual Studio Version 17
VisualStudioVersion = 17.14.36109.1 d17.14
MinimumVisualStudioVersion = 10.0.40219.1
Project("{FAE04EC0-301F-11D3-BF4B-00C04F79EFBC}") = "TranNguyenHanMVC", "TranNguyenHanMVC\TranNguyenHanMVC.csproj", "{6A378B0C-23BF-4260-A783-2B4977CD4543}"
EndProject
Project("{FAE04EC0-301F-11D3-BF4B-00C04F79EFBC}") = "BusinessObjects", "BusinessObjects\BusinessObjects.csproj", "{2CBF31B2-D459-4A6A-B102-D3A0A416D888}"
EndProject
Project("{FAE04EC0-301F-11D3-BF4B-00C04F79EFBC}") = "DataAccessObjecs", "DataAccessObjecs\DataAccessObjecs.csproj", "{4FEE56EE-DD8F-4D06-9111-4B2432F0BE13}"
EndProject
Project("{FAE04EC0-301F-11D3-BF4B-00C04F79EFBC}") = "Repositories", "Repository\Repositories.csproj", "{1C35706F-48AB-4643-A88F-B4F955DD0F54}"
EndProject
Project("{FAE04EC0-301F-11D3-BF4B-00C04F79EFBC}") = "Services", "Services\Services.csproj", "{AC7C6089-EC6D-4ED9-8A7C-CE2A2141CA13}"
EndProject
Global
	GlobalSection(SolutionConfigurationPlatforms) = preSolution
		Debug|Any CPU = Debug|Any CPU
		Release|Any CPU = Release|Any CPU
	EndGlobalSection
	GlobalSection(ProjectConfigurationPlatforms) = postSolution
		{6A378B0C-23BF-4260-A783-2B4977CD4543}.Debug|Any CPU.ActiveCfg = Debug|Any CPU
		{6A378B0C-23BF-4260-A783-2B4977CD4543}.Debug|Any CPU.Build.0 = Debug|Any CPU
		{6A378B0C-23BF-4260-A783-2B4977CD4543}.Release|Any CPU.ActiveCfg = Release|Any CPU
		{6A378B0C-23BF-4260-A783-2B4977CD4543}.Release|Any CPU.Build.0 = Release|Any CPU
		{2CBF31B2-D459-4A6A-B102-D3A0A416D888}.Debug|Any CPU.ActiveCfg = Debug|Any CPU
		{2CBF31B2-D459-4A6A-B102-D3A0A416D888}.Debug|Any CPU.Build.0 = Debug|Any CPU
		{2CBF31B2-D459-4A6A-B102-D3A0A416D888}.Release|Any CPU.ActiveCfg = Release|Any CPU
		{2CBF31B2-D459-4A6A-B102-D3A0A416D888}.Release|Any CPU.Build.0 = Release|Any CPU
		{4FEE56EE-DD8F-4D06-9111-4B2432F0BE13}.Debug|Any CPU.ActiveCfg = Debug|Any CPU
		{4FEE56EE-DD8F-4D06-9111-4B2432F0BE13}.Debug|Any CPU.Build.0 = Debug|Any CPU
		{4FEE56EE-DD8F-4D06-9111-4B2432F0BE13}.Release|Any CPU.ActiveCfg = Release|Any CPU
		{4FEE56EE-DD8F-4D06-9111-4B2432F0BE13}.Release|Any CPU.Build.0 = Release|Any CPU
		{1C35706F-48AB-4643-A88F-B4F955DD0F54}.Debug|Any CPU.ActiveCfg = Debug|Any CPU
		{1C35706F-48AB-4643-A88F-B4F955DD0F54}.Debug|Any CPU.Build.0 = Debug|Any CPU
		{1C35706F-48AB-4643-A88F-B4F955DD0F54}.Release|Any CPU.ActiveCfg = Release|Any CPU
		{1C35706F-48AB-4643-A88F-B4F955DD0F54}.Release|Any CPU.Build.0 = Release|Any CPU
		{AC7C6089-EC6D-4ED9-8A7C-CE2A2141CA13}.Debug|Any CPU.ActiveCfg = Debug|Any CPU
		{AC7C6089-EC6D-4ED9-8A7C-CE2A2141CA13}.Debug|Any CPU.Build.0 = Debug|Any CPU
		{AC7C6089-EC6D-4ED9-8A7C-CE2A2141CA13}.Release|Any CPU.ActiveCfg = Release|Any CPU
		{AC7C6089-EC6D-4ED9-8A7C-CE2A2141CA13}.Release|Any CPU.Build.0 = Release|Any CPU
	EndGlobalSection
	GlobalSection(SolutionProperties) = preSolution
		HideSolutionNode = FALSE
	EndGlobalSection
	GlobalSection(ExtensibilityGlobals) = postSolution
		SolutionGuid = {10E41C84-A1CC-4517-B4E8-1D468A97D389}
	EndGlobalSection
EndGlobal
